
Microsoft Visual Studio Solution File, Format Version 12.00
# Visual Studio Version 17
VisualStudioVersion = 17.1.32228.430
MinimumVisualStudioVersion = 10.0.40219.1
Project("{FAE04EC0-301F-11D3-BF4B-00C04F79EFBC}") = "CSharp-Reflection", "CSharp-Reflection.csproj", "{BD625EC9-2E48-40D5-AB2F-E6D2D089408B}"
EndProject
Project("{FAE04EC0-301F-11D3-BF4B-00C04F79EFBC}") = "ClassLibrary", "..\ClassLibrary\ClassLibrary.csproj", "{88A585BC-F4E2-4D84-B691-F650394C3467}"
EndProject
Global
	GlobalSection(SolutionConfigurationPlatforms) = preSolution
		Debug|Any CPU = Debug|Any CPU
		Release|Any CPU = Release|Any CPU
	EndGlobalSection
	GlobalSection(ProjectConfigurationPlatforms) = postSolution
		{BD625EC9-2E48-40D5-AB2F-E6D2D089408B}.Debug|Any CPU.ActiveCfg = Debug|Any CPU
		{BD625EC9-2E48-40D5-AB2F-E6D2D089408B}.Debug|Any CPU.Build.0 = Debug|Any CPU
		{BD625EC9-2E48-40D5-AB2F-E6D2D089408B}.Release|Any CPU.ActiveCfg = Release|Any CPU
		{BD625EC9-2E48-40D5-AB2F-E6D2D089408B}.Release|Any CPU.Build.0 = Release|Any CPU
		{88A585BC-F4E2-4D84-B691-F650394C3467}.Debug|Any CPU.ActiveCfg = Debug|Any CPU
		{88A585BC-F4E2-4D84-B691-F650394C3467}.Debug|Any CPU.Build.0 = Debug|Any CPU
		{88A585BC-F4E2-4D84-B691-F650394C3467}.Release|Any CPU.ActiveCfg = Release|Any CPU
		{88A585BC-F4E2-4D84-B691-F650394C3467}.Release|Any CPU.Build.0 = Release|Any CPU
	EndGlobalSection
	GlobalSection(SolutionProperties) = preSolution
		HideSolutionNode = FALSE
	EndGlobalSection
	GlobalSection(ExtensibilityGlobals) = postSolution
		SolutionGuid = {BF87EBD4-5059-4E00-8309-4C8E077D9DF8}
	EndGlobalSection
EndGlobal
